
Microsoft Visual Studio Solution File, Format Version 12.00
# Visual Studio Version 16
VisualStudioVersion = 16.0.30114.105
MinimumVisualStudioVersion = 10.0.40219.1
Project("{FAE04EC0-301F-11D3-BF4B-00C04F79EFBC}") = "CodeFirstCore", "CodeFirstCore.csproj", "{0F99BC8A-CE7D-4E61-AEEC-0830C9ED2E6D}"
EndProject
Global
	GlobalSection(SolutionConfigurationPlatforms) = preSolution
		Debug|Any CPU = Debug|Any CPU
		Release|Any CPU = Release|Any CPU
	EndGlobalSection
	GlobalSection(ProjectConfigurationPlatforms) = postSolution
		{0F99BC8A-CE7D-4E61-AEEC-0830C9ED2E6D}.Debug|Any CPU.ActiveCfg = Debug|Any CPU
		{0F99BC8A-CE7D-4E61-AEEC-0830C9ED2E6D}.Debug|Any CPU.Build.0 = Debug|Any CPU
		{0F99BC8A-CE7D-4E61-AEEC-0830C9ED2E6D}.Release|Any CPU.ActiveCfg = Release|Any CPU
		{0F99BC8A-CE7D-4E61-AEEC-0830C9ED2E6D}.Release|Any CPU.Build.0 = Release|Any CPU
	EndGlobalSection
	GlobalSection(SolutionProperties) = preSolution
		HideSolutionNode = FALSE
	EndGlobalSection
	GlobalSection(ExtensibilityGlobals) = postSolution
		SolutionGuid = {E99EA172-3980-4746-8A3B-455DFFD488F0}
	EndGlobalSection
EndGlobal
